
Microsoft Visual Studio Solution File, Format Version 12.00
# Visual Studio Version 16
VisualStudioVersion = 16.0.31019.35
MinimumVisualStudioVersion = 10.0.40219.1
Project("{2150E333-8FDC-42A3-9474-1A3956D46DE8}") = "01. Core Layer", "01. Core Layer", "{150A09F2-8F9D-4534-9EC1-41B82710095F}"
EndProject
Project("{9A19103F-16F7-4668-BE54-9A1E7A4F7556}") = "NewsAggregator.ML", "NewsAggregator.ML\NewsAggregator.ML.csproj", "{BA5B5B86-61EF-471E-86E6-13970E38D509}"
EndProject
Project("{2150E333-8FDC-42A3-9474-1A3956D46DE8}") = "02. Startup Layer", "02. Startup Layer", "{B7FEA081-88CA-49D7-8C0C-6B7A715F10CB}"
EndProject
Project("{9A19103F-16F7-4668-BE54-9A1E7A4F7556}") = "NewsAggregator.ML.Startup", "NewsAggregator.ML.Startup\NewsAggregator.ML.Startup.csproj", "{59D4928B-DA38-44F1-BDF5-ACAFD0C08244}"
EndProject
Project("{9A19103F-16F7-4668-BE54-9A1E7A4F7556}") = "NewsAggregator.Core", "NewsAggregator.Core\NewsAggregator.Core.csproj", "{7D79628B-69E2-4725-B7C1-9BF2181C0133}"
EndProject
Project("{9A19103F-16F7-4668-BE54-9A1E7A4F7556}") = "NewsAggregator.Api", "NewsAggregator.Api\NewsAggregator.Api.csproj", "{0231558B-00F3-44C9-B069-DDFD4194F377}"
EndProject
Project("{9A19103F-16F7-4668-BE54-9A1E7A4F7556}") = "NewsAggregator.EF", "NewsAggregator.EF\NewsAggregator.EF.csproj", "{A7D9D98A-5E28-4CA7-83D5-4D9AB7A21548}"
EndProject
Project("{9A19103F-16F7-4668-BE54-9A1E7A4F7556}") = "NewsAggregator.Api.Startup", "NewsAggregator.Api.Startup\NewsAggregator.Api.Startup.csproj", "{AC049DCC-33B7-4FEB-925E-11D57B43CE2D}"
EndProject
Project("{9A19103F-16F7-4668-BE54-9A1E7A4F7556}") = "NewsAggregator.Query.SQL", "NewsAggregator.Query.SQL\NewsAggregator.Query.SQL.csproj", "{8D6EEA5C-5EB4-4956-8232-CC3C30BB971E}"
EndProject
Project("{9A19103F-16F7-4668-BE54-9A1E7A4F7556}") = "NewsAggregator.OpenId.Startup", "NewsAggregator.OpenId.Startup\NewsAggregator.OpenId.Startup.csproj", "{C409E3E1-D68E-4B19-BE51-437F86CD95BF}"
EndProject
Project("{2150E333-8FDC-42A3-9474-1A3956D46DE8}") = "01. Api", "01. Api", "{EEF1404F-217C-43D0-9593-D21904ADF121}"
EndProject
Project("{2150E333-8FDC-42A3-9474-1A3956D46DE8}") = "02. ML", "02. ML", "{F500AFB3-34B7-4B06-8C2D-9C6A1CC4F208}"
EndProject
Project("{2150E333-8FDC-42A3-9474-1A3956D46DE8}") = "03. Store", "03. Store", "{75E1624B-BDFB-4BD4-862B-595BC4C6CA20}"
EndProject
Project("{9A19103F-16F7-4668-BE54-9A1E7A4F7556}") = "NewsAggregator.Website", "NewsAggregator.Website\NewsAggregator.Website.csproj", "{2CB43820-9C8E-4C4D-9050-59372F25EA56}"
EndProject
Project("{2150E333-8FDC-42A3-9474-1A3956D46DE8}") = "03. Testing Layer", "03. Testing Layer", "{FD5E1B8A-F0D9-4E6E-A07F-6816F3F6138A}"
EndProject
Project("{9A19103F-16F7-4668-BE54-9A1E7A4F7556}") = "NewsAggregator.Microsoft.ML.Tests", "NewsAggregator.Microsoft.ML.Tests\NewsAggregator.Microsoft.ML.Tests.csproj", "{5A4665F7-7A8F-4407-9E33-13A3BCF6A33F}"
EndProject
Project("{9A19103F-16F7-4668-BE54-9A1E7A4F7556}") = "NewsAggregator.Microsoft.ML", "NewsAggregator.Microsoft.ML\NewsAggregator.Microsoft.ML.csproj", "{576E5661-FFF8-40F0-BAB4-5B2FFA4182E8}"
EndProject
Project("{9A19103F-16F7-4668-BE54-9A1E7A4F7556}") = "NewsAggregator.Math.Startup", "NewsAggregator.Math.Startup\NewsAggregator.Math.Startup.csproj", "{64FD29BA-6A89-4214-8C0E-D6AFF0D9CC34}"
EndProject
Global
	GlobalSection(SolutionConfigurationPlatforms) = preSolution
		Debug|Any CPU = Debug|Any CPU
		Release|Any CPU = Release|Any CPU
	EndGlobalSection
	GlobalSection(ProjectConfigurationPlatforms) = postSolution
		{BA5B5B86-61EF-471E-86E6-13970E38D509}.Debug|Any CPU.ActiveCfg = Debug|Any CPU
		{BA5B5B86-61EF-471E-86E6-13970E38D509}.Debug|Any CPU.Build.0 = Debug|Any CPU
		{BA5B5B86-61EF-471E-86E6-13970E38D509}.Release|Any CPU.ActiveCfg = Release|Any CPU
		{BA5B5B86-61EF-471E-86E6-13970E38D509}.Release|Any CPU.Build.0 = Release|Any CPU
		{59D4928B-DA38-44F1-BDF5-ACAFD0C08244}.Debug|Any CPU.ActiveCfg = Debug|Any CPU
		{59D4928B-DA38-44F1-BDF5-ACAFD0C08244}.Debug|Any CPU.Build.0 = Debug|Any CPU
		{59D4928B-DA38-44F1-BDF5-ACAFD0C08244}.Release|Any CPU.ActiveCfg = Release|Any CPU
		{59D4928B-DA38-44F1-BDF5-ACAFD0C08244}.Release|Any CPU.Build.0 = Release|Any CPU
		{7D79628B-69E2-4725-B7C1-9BF2181C0133}.Debug|Any CPU.ActiveCfg = Debug|Any CPU
		{7D79628B-69E2-4725-B7C1-9BF2181C0133}.Debug|Any CPU.Build.0 = Debug|Any CPU
		{7D79628B-69E2-4725-B7C1-9BF2181C0133}.Release|Any CPU.ActiveCfg = Release|Any CPU
		{7D79628B-69E2-4725-B7C1-9BF2181C0133}.Release|Any CPU.Build.0 = Release|Any CPU
		{0231558B-00F3-44C9-B069-DDFD4194F377}.Debug|Any CPU.ActiveCfg = Debug|Any CPU
		{0231558B-00F3-44C9-B069-DDFD4194F377}.Debug|Any CPU.Build.0 = Debug|Any CPU
		{0231558B-00F3-44C9-B069-DDFD4194F377}.Release|Any CPU.ActiveCfg = Release|Any CPU
		{0231558B-00F3-44C9-B069-DDFD4194F377}.Release|Any CPU.Build.0 = Release|Any CPU
		{A7D9D98A-5E28-4CA7-83D5-4D9AB7A21548}.Debug|Any CPU.ActiveCfg = Debug|Any CPU
		{A7D9D98A-5E28-4CA7-83D5-4D9AB7A21548}.Debug|Any CPU.Build.0 = Debug|Any CPU
		{A7D9D98A-5E28-4CA7-83D5-4D9AB7A21548}.Release|Any CPU.ActiveCfg = Release|Any CPU
		{A7D9D98A-5E28-4CA7-83D5-4D9AB7A21548}.Release|Any CPU.Build.0 = Release|Any CPU
		{AC049DCC-33B7-4FEB-925E-11D57B43CE2D}.Debug|Any CPU.ActiveCfg = Debug|Any CPU
		{AC049DCC-33B7-4FEB-925E-11D57B43CE2D}.Debug|Any CPU.Build.0 = Debug|Any CPU
		{AC049DCC-33B7-4FEB-925E-11D57B43CE2D}.Release|Any CPU.ActiveCfg = Release|Any CPU
		{AC049DCC-33B7-4FEB-925E-11D57B43CE2D}.Release|Any CPU.Build.0 = Release|Any CPU
		{8D6EEA5C-5EB4-4956-8232-CC3C30BB971E}.Debug|Any CPU.ActiveCfg = Debug|Any CPU
		{8D6EEA5C-5EB4-4956-8232-CC3C30BB971E}.Debug|Any CPU.Build.0 = Debug|Any CPU
		{8D6EEA5C-5EB4-4956-8232-CC3C30BB971E}.Release|Any CPU.ActiveCfg = Release|Any CPU
		{8D6EEA5C-5EB4-4956-8232-CC3C30BB971E}.Release|Any CPU.Build.0 = Release|Any CPU
		{C409E3E1-D68E-4B19-BE51-437F86CD95BF}.Debug|Any CPU.ActiveCfg = Debug|Any CPU
		{C409E3E1-D68E-4B19-BE51-437F86CD95BF}.Debug|Any CPU.Build.0 = Debug|Any CPU
		{C409E3E1-D68E-4B19-BE51-437F86CD95BF}.Release|Any CPU.ActiveCfg = Release|Any CPU
		{C409E3E1-D68E-4B19-BE51-437F86CD95BF}.Release|Any CPU.Build.0 = Release|Any CPU
		{2CB43820-9C8E-4C4D-9050-59372F25EA56}.Debug|Any CPU.ActiveCfg = Debug|Any CPU
		{2CB43820-9C8E-4C4D-9050-59372F25EA56}.Debug|Any CPU.Build.0 = Debug|Any CPU
		{2CB43820-9C8E-4C4D-9050-59372F25EA56}.Release|Any CPU.ActiveCfg = Release|Any CPU
		{2CB43820-9C8E-4C4D-9050-59372F25EA56}.Release|Any CPU.Build.0 = Release|Any CPU
		{5A4665F7-7A8F-4407-9E33-13A3BCF6A33F}.Debug|Any CPU.ActiveCfg = Debug|Any CPU
		{5A4665F7-7A8F-4407-9E33-13A3BCF6A33F}.Debug|Any CPU.Build.0 = Debug|Any CPU
		{5A4665F7-7A8F-4407-9E33-13A3BCF6A33F}.Release|Any CPU.ActiveCfg = Release|Any CPU
		{5A4665F7-7A8F-4407-9E33-13A3BCF6A33F}.Release|Any CPU.Build.0 = Release|Any CPU
		{576E5661-FFF8-40F0-BAB4-5B2FFA4182E8}.Debug|Any CPU.ActiveCfg = Debug|Any CPU
		{576E5661-FFF8-40F0-BAB4-5B2FFA4182E8}.Debug|Any CPU.Build.0 = Debug|Any CPU
		{576E5661-FFF8-40F0-BAB4-5B2FFA4182E8}.Release|Any CPU.ActiveCfg = Release|Any CPU
		{576E5661-FFF8-40F0-BAB4-5B2FFA4182E8}.Release|Any CPU.Build.0 = Release|Any CPU
		{64FD29BA-6A89-4214-8C0E-D6AFF0D9CC34}.Debug|Any CPU.ActiveCfg = Debug|Any CPU
		{64FD29BA-6A89-4214-8C0E-D6AFF0D9CC34}.Debug|Any CPU.Build.0 = Debug|Any CPU
		{64FD29BA-6A89-4214-8C0E-D6AFF0D9CC34}.Release|Any CPU.ActiveCfg = Release|Any CPU
		{64FD29BA-6A89-4214-8C0E-D6AFF0D9CC34}.Release|Any CPU.Build.0 = Release|Any CPU
	EndGlobalSection
	GlobalSection(SolutionProperties) = preSolution
		HideSolutionNode = FALSE
	EndGlobalSection
	GlobalSection(NestedProjects) = preSolution
		{BA5B5B86-61EF-471E-86E6-13970E38D509} = {F500AFB3-34B7-4B06-8C2D-9C6A1CC4F208}
		{59D4928B-DA38-44F1-BDF5-ACAFD0C08244} = {B7FEA081-88CA-49D7-8C0C-6B7A715F10CB}
		{7D79628B-69E2-4725-B7C1-9BF2181C0133} = {150A09F2-8F9D-4534-9EC1-41B82710095F}
		{0231558B-00F3-44C9-B069-DDFD4194F377} = {EEF1404F-217C-43D0-9593-D21904ADF121}
		{A7D9D98A-5E28-4CA7-83D5-4D9AB7A21548} = {75E1624B-BDFB-4BD4-862B-595BC4C6CA20}
		{AC049DCC-33B7-4FEB-925E-11D57B43CE2D} = {B7FEA081-88CA-49D7-8C0C-6B7A715F10CB}
		{8D6EEA5C-5EB4-4956-8232-CC3C30BB971E} = {75E1624B-BDFB-4BD4-862B-595BC4C6CA20}
		{C409E3E1-D68E-4B19-BE51-437F86CD95BF} = {B7FEA081-88CA-49D7-8C0C-6B7A715F10CB}
		{EEF1404F-217C-43D0-9593-D21904ADF121} = {150A09F2-8F9D-4534-9EC1-41B82710095F}
		{F500AFB3-34B7-4B06-8C2D-9C6A1CC4F208} = {150A09F2-8F9D-4534-9EC1-41B82710095F}
		{75E1624B-BDFB-4BD4-862B-595BC4C6CA20} = {150A09F2-8F9D-4534-9EC1-41B82710095F}
		{2CB43820-9C8E-4C4D-9050-59372F25EA56} = {B7FEA081-88CA-49D7-8C0C-6B7A715F10CB}
		{5A4665F7-7A8F-4407-9E33-13A3BCF6A33F} = {FD5E1B8A-F0D9-4E6E-A07F-6816F3F6138A}
		{576E5661-FFF8-40F0-BAB4-5B2FFA4182E8} = {150A09F2-8F9D-4534-9EC1-41B82710095F}
		{64FD29BA-6A89-4214-8C0E-D6AFF0D9CC34} = {B7FEA081-88CA-49D7-8C0C-6B7A715F10CB}
	EndGlobalSection
	GlobalSection(ExtensibilityGlobals) = postSolution
		SolutionGuid = {2C7BA5EB-A78B-4C72-BF92-AE810C98F64D}
	EndGlobalSection
EndGlobal
