
Microsoft Visual Studio Solution File, Format Version 12.00
# Visual Studio Version 16
VisualStudioVersion = 16.0.31019.35
MinimumVisualStudioVersion = 10.0.40219.1
Project("{2150E333-8FDC-42A3-9474-1A3956D46DE8}") = "01. Core Layer", "01. Core Layer", "{150A09F2-8F9D-4534-9EC1-41B82710095F}"
EndProject
Project("{9A19103F-16F7-4668-BE54-9A1E7A4F7556}") = "NewsAggregator.ML", "NewsAggregator.ML\NewsAggregator.ML.csproj", "{BA5B5B86-61EF-471E-86E6-13970E38D509}"
EndProject
Project("{9A19103F-16F7-4668-BE54-9A1E7A4F7556}") = "NewsAggregator.Domain", "NewsAggregator.Domain\NewsAggregator.Domain.csproj", "{A8008400-3949-4995-BF31-E0D55B814D81}"
EndProject
Project("{2150E333-8FDC-42A3-9474-1A3956D46DE8}") = "02. Startup Layer", "02. Startup Layer", "{B7FEA081-88CA-49D7-8C0C-6B7A715F10CB}"
EndProject
Project("{FAE04EC0-301F-11D3-BF4B-00C04F79EFBC}") = "NewsAggregator.ML.Startup", "NewsAggregator.ML.Startup\NewsAggregator.ML.Startup.csproj", "{59D4928B-DA38-44F1-BDF5-ACAFD0C08244}"
EndProject
Project("{9A19103F-16F7-4668-BE54-9A1E7A4F7556}") = "NewsAggregator.Core", "NewsAggregator.Core\NewsAggregator.Core.csproj", "{7D79628B-69E2-4725-B7C1-9BF2181C0133}"
EndProject
Global
	GlobalSection(SolutionConfigurationPlatforms) = preSolution
		Debug|Any CPU = Debug|Any CPU
		Release|Any CPU = Release|Any CPU
	EndGlobalSection
	GlobalSection(ProjectConfigurationPlatforms) = postSolution
		{BA5B5B86-61EF-471E-86E6-13970E38D509}.Debug|Any CPU.ActiveCfg = Debug|Any CPU
		{BA5B5B86-61EF-471E-86E6-13970E38D509}.Debug|Any CPU.Build.0 = Debug|Any CPU
		{BA5B5B86-61EF-471E-86E6-13970E38D509}.Release|Any CPU.ActiveCfg = Release|Any CPU
		{BA5B5B86-61EF-471E-86E6-13970E38D509}.Release|Any CPU.Build.0 = Release|Any CPU
		{A8008400-3949-4995-BF31-E0D55B814D81}.Debug|Any CPU.ActiveCfg = Debug|Any CPU
		{A8008400-3949-4995-BF31-E0D55B814D81}.Debug|Any CPU.Build.0 = Debug|Any CPU
		{A8008400-3949-4995-BF31-E0D55B814D81}.Release|Any CPU.ActiveCfg = Release|Any CPU
		{A8008400-3949-4995-BF31-E0D55B814D81}.Release|Any CPU.Build.0 = Release|Any CPU
		{59D4928B-DA38-44F1-BDF5-ACAFD0C08244}.Debug|Any CPU.ActiveCfg = Debug|Any CPU
		{59D4928B-DA38-44F1-BDF5-ACAFD0C08244}.Debug|Any CPU.Build.0 = Debug|Any CPU
		{59D4928B-DA38-44F1-BDF5-ACAFD0C08244}.Release|Any CPU.ActiveCfg = Release|Any CPU
		{59D4928B-DA38-44F1-BDF5-ACAFD0C08244}.Release|Any CPU.Build.0 = Release|Any CPU
		{7D79628B-69E2-4725-B7C1-9BF2181C0133}.Debug|Any CPU.ActiveCfg = Debug|Any CPU
		{7D79628B-69E2-4725-B7C1-9BF2181C0133}.Debug|Any CPU.Build.0 = Debug|Any CPU
		{7D79628B-69E2-4725-B7C1-9BF2181C0133}.Release|Any CPU.ActiveCfg = Release|Any CPU
		{7D79628B-69E2-4725-B7C1-9BF2181C0133}.Release|Any CPU.Build.0 = Release|Any CPU
	EndGlobalSection
	GlobalSection(SolutionProperties) = preSolution
		HideSolutionNode = FALSE
	EndGlobalSection
	GlobalSection(NestedProjects) = preSolution
		{BA5B5B86-61EF-471E-86E6-13970E38D509} = {150A09F2-8F9D-4534-9EC1-41B82710095F}
		{A8008400-3949-4995-BF31-E0D55B814D81} = {150A09F2-8F9D-4534-9EC1-41B82710095F}
		{59D4928B-DA38-44F1-BDF5-ACAFD0C08244} = {B7FEA081-88CA-49D7-8C0C-6B7A715F10CB}
		{7D79628B-69E2-4725-B7C1-9BF2181C0133} = {150A09F2-8F9D-4534-9EC1-41B82710095F}
	EndGlobalSection
	GlobalSection(ExtensibilityGlobals) = postSolution
		SolutionGuid = {2C7BA5EB-A78B-4C72-BF92-AE810C98F64D}
	EndGlobalSection
EndGlobal
