C:\Projects\NewAggregator\NewsAggregator.OpenId.Startup\DefaultConfiguration.cs.pp$DtaSUjpNN4DGabX7Zf2XCQkOlxKeW2TFQ5Gsfk18tYA=;C:\Projects\NewAggregator\NewsAggregator.OpenId.Startup\Startup.cs.pp$WknvDNrwjfQkjELnolNiQbUnQ1jLDT9PU7Sb0UsOmyU=;C:\Projects\NewAggregator\NewsAggregator.OpenId.Startup\Views\Accounts\Index.cshtml.pp$MvUXIr1o4H0joT+cgFajH73n+qynFzpjCkMdTMmWSoI=;C:\Projects\NewAggregator\NewsAggregator.OpenId.Startup\Views\CheckSession\EndSession.cshtml.pp$7Z3WrlJG5kmaeyK3mwTcF5/Dyq5smW11ErnEXKSdeDE=;C:\Projects\NewAggregator\NewsAggregator.OpenId.Startup\Views\Consents\Index.cshtml.pp$QlNjZVl3KRDhw9LGOQ+5ilqwLOhYOQvy+LEHQQ4P4+o=;C:\Projects\NewAggregator\NewsAggregator.OpenId.Startup\Views\Errors\Index.cshtml.pp$O8DOTOuAVVu4XVGy8D6IXeOXOyPcmLAeG/HRFkEp1zo=;C:\Projects\NewAggregator\NewsAggregator.OpenId.Startup\Views\Home\Index.cshtml.pp$tRj4RCI4g/LUO1+Tuip/fgzukeY+uyfXqSahtbII7jg=;C:\Projects\NewAggregator\NewsAggregator.OpenId.Startup\Views\Shared\_Layout.cshtml.pp$hsXc2RDkDDy7+iinAk6W+WsfCVD7oWvr4K5k5kberjo=;C:\Projects\NewAggregator\NewsAggregator.OpenId.Startup\Areas\pwd\Views\Authenticate\Index.cshtml.pp$GaofAFMdM+Ny/lOPmtn1eoE/tQalHZAphusUAylcZkQ=